
Microsoft Visual Studio Solution File, Format Version 12.00
# Visual Studio Version 17
VisualStudioVersion = 17.14.36121.58
MinimumVisualStudioVersion = 10.0.40219.1
Project("{FAE04EC0-301F-11D3-BF4B-00C04F79EFBC}") = "MIDIGimp", "MIDIGimp\MIDIGimp.csproj", "{640D1528-0245-98F4-3EA4-9BDD3160125F}"
EndProject
Global
	GlobalSection(SolutionConfigurationPlatforms) = preSolution
		Debug|Any CPU = Debug|Any CPU
		Release|Any CPU = Release|Any CPU
	EndGlobalSection
	GlobalSection(ProjectConfigurationPlatforms) = postSolution
		{640D1528-0245-98F4-3EA4-9BDD3160125F}.Debug|Any CPU.ActiveCfg = Debug|Any CPU
		{640D1528-0245-98F4-3EA4-9BDD3160125F}.Debug|Any CPU.Build.0 = Debug|Any CPU
		{640D1528-0245-98F4-3EA4-9BDD3160125F}.Release|Any CPU.ActiveCfg = Release|Any CPU
		{640D1528-0245-98F4-3EA4-9BDD3160125F}.Release|Any CPU.Build.0 = Release|Any CPU
	EndGlobalSection
	GlobalSection(SolutionProperties) = preSolution
		HideSolutionNode = FALSE
	EndGlobalSection
	GlobalSection(ExtensibilityGlobals) = postSolution
		SolutionGuid = {E5F90196-36AF-4428-BE5C-22F7DA3C8207}
	EndGlobalSection
EndGlobal
